
Microsoft Visual Studio Solution File, Format Version 12.00
# Visual Studio Version 17
VisualStudioVersion = 17.2.32526.322
MinimumVisualStudioVersion = 10.0.40219.1
Project("{FAE04EC0-301F-11D3-BF4B-00C04F79EFBC}") = "MComponents.Images", "MComponents.Images\MComponents.Images.csproj", "{1A257969-CE64-45C2-B76C-F00DC2C59B0A}"
EndProject
Project("{9A19103F-16F7-4668-BE54-9A1E7A4F7556}") = "MComponents", "..\..\MComponents\MComponents\MComponents.csproj", "{334C5967-24A4-45A6-9FC6-07DFF3B14DDF}"
EndProject
Global
	GlobalSection(SolutionConfigurationPlatforms) = preSolution
		Debug|Any CPU = Debug|Any CPU
		Release|Any CPU = Release|Any CPU
	EndGlobalSection
	GlobalSection(ProjectConfigurationPlatforms) = postSolution
		{1A257969-CE64-45C2-B76C-F00DC2C59B0A}.Debug|Any CPU.ActiveCfg = Debug|Any CPU
		{1A257969-CE64-45C2-B76C-F00DC2C59B0A}.Debug|Any CPU.Build.0 = Debug|Any CPU
		{1A257969-CE64-45C2-B76C-F00DC2C59B0A}.Release|Any CPU.ActiveCfg = Release|Any CPU
		{1A257969-CE64-45C2-B76C-F00DC2C59B0A}.Release|Any CPU.Build.0 = Release|Any CPU
		{334C5967-24A4-45A6-9FC6-07DFF3B14DDF}.Debug|Any CPU.ActiveCfg = Debug|Any CPU
		{334C5967-24A4-45A6-9FC6-07DFF3B14DDF}.Debug|Any CPU.Build.0 = Debug|Any CPU
		{334C5967-24A4-45A6-9FC6-07DFF3B14DDF}.Release|Any CPU.ActiveCfg = Release|Any CPU
		{334C5967-24A4-45A6-9FC6-07DFF3B14DDF}.Release|Any CPU.Build.0 = Release|Any CPU
	EndGlobalSection
	GlobalSection(SolutionProperties) = preSolution
		HideSolutionNode = FALSE
	EndGlobalSection
	GlobalSection(ExtensibilityGlobals) = postSolution
		SolutionGuid = {A07E3908-4652-42FD-B6DB-FCA316FE0792}
	EndGlobalSection
EndGlobal
